{
  "requires": true,
  "lockfileVersion": 1,
  "dependencies": {
    "@azbake/arm-helper": {
      "version": "0.1.47",
      "resolved": "https://pkgs.dev.azure.com/hchb/_packaging/internal/npm/registry/@azbake/arm-helper/-/arm-helper-0.1.47.tgz",
      "integrity": "sha1-/Mam5E7xQiTMnKX/U2NwPj07gbw="
    },
    "@azbake/ingredient-event-hub-namespace": {
      "version": "0.1.47",
      "resolved": "https://pkgs.dev.azure.com/hchb/_packaging/internal/npm/registry/@azbake/ingredient-event-hub-namespace/-/ingredient-event-hub-namespace-0.1.47.tgz",
      "integrity": "sha1-1z4V9JEX204e9PH4Iltrn6wamWw=",
      "requires": {
        "@azbake/arm-helper": "^0.1.47"
      }
    }
  }
}
