{
	"name": "@azbake/ingredient-network-interface",
	"version": "0.1.105",
	"lockfileVersion": 1,
	"requires": true,
	"dependencies": {
		"@azure/arm-network": {
			"version": "23.0.0",
			"resolved": "https://registry.npmjs.org/@azure/arm-network/-/arm-network-23.0.0.tgz",
			"integrity": "sha512-T33TyIg3rGfRsZfmlIwfu/BJdtf/F0gojR5q+deAWEUMtBqiNOnFFm8H0JiecR4753Ea4HATaqW8IFEjXAoKlQ==",
			"requires": {
				"@azure/ms-rest-azure-js": "^2.0.1",
				"@azure/ms-rest-js": "^2.0.4",
				"tslib": "^1.10.0"
			},
			"dependencies": {
				"@azure/ms-rest-azure-js": {
					"version": "2.0.1",
					"resolved": "https://registry.npmjs.org/@azure/ms-rest-azure-js/-/ms-rest-azure-js-2.0.1.tgz",
					"integrity": "sha512-5e+A710O7gRFISoV4KI/ZyLQbKmjXxQZ1L8Z/sx7jSUQqmswjTnN4yyIZxs5JzfLVkobU0rXxbi5/LVzaI8QXQ==",
					"requires": {
						"@azure/ms-rest-js": "^2.0.4",
						"tslib": "^1.10.0"
					}
				},
				"@azure/ms-rest-js": {
					"version": "2.0.8",
					"resolved": "https://registry.npmjs.org/@azure/ms-rest-js/-/ms-rest-js-2.0.8.tgz",
					"integrity": "sha512-PO4pnYaF66IAB/RWbhrTprGyhOzDzsgcbT7z8k3O38JKlwifbrhW+8M0fzx0ScZnaacP8rZyBazYMUF9P12c0g==",
					"requires": {
						"@types/node-fetch": "^2.3.7",
						"@types/tunnel": "0.0.1",
						"abort-controller": "^3.0.0",
						"form-data": "^2.5.0",
						"node-fetch": "^2.6.0",
						"tough-cookie": "^3.0.1",
						"tslib": "^1.10.0",
						"tunnel": "0.0.6",
						"uuid": "^3.3.2",
						"xml2js": "^0.4.19"
					}
				},
				"@types/node": {
					"version": "14.11.8",
					"resolved": "https://registry.npmjs.org/@types/node/-/node-14.11.8.tgz",
					"integrity": "sha512-KPcKqKm5UKDkaYPTuXSx8wEP7vE9GnuaXIZKijwRYcePpZFDVuy2a57LarFKiORbHOuTOOwYzxVxcUzsh2P2Pw=="
				},
				"@types/node-fetch": {
					"version": "2.5.7",
					"resolved": "https://registry.npmjs.org/@types/node-fetch/-/node-fetch-2.5.7.tgz",
					"integrity": "sha512-o2WVNf5UhWRkxlf6eq+jMZDu7kjgpgJfl4xVNlvryc95O/6F2ld8ztKX+qu+Rjyet93WAWm5LjeX9H5FGkODvw==",
					"requires": {
						"@types/node": "*",
						"form-data": "^3.0.0"
					},
					"dependencies": {
						"form-data": {
							"version": "3.0.0",
							"resolved": "https://registry.npmjs.org/form-data/-/form-data-3.0.0.tgz",
							"integrity": "sha512-CKMFDglpbMi6PyN+brwB9Q/GOw0eAnsrEZDgcsH5Krhz5Od/haKHAX0NmQfha2zPPz0JpWzA7GJHGSnvCRLWsg==",
							"requires": {
								"asynckit": "^0.4.0",
								"combined-stream": "^1.0.8",
								"mime-types": "^2.1.12"
							}
						}
					}
				},
				"@types/tunnel": {
					"version": "0.0.1",
					"resolved": "https://registry.npmjs.org/@types/tunnel/-/tunnel-0.0.1.tgz",
					"integrity": "sha512-AOqu6bQu5MSWwYvehMXLukFHnupHrpZ8nvgae5Ggie9UwzDR1CCwoXgSSWNZJuyOlCdfdsWMA5F2LlmvyoTv8A==",
					"requires": {
						"@types/node": "*"
					}
				},
				"abort-controller": {
					"version": "3.0.0",
					"resolved": "https://registry.npmjs.org/abort-controller/-/abort-controller-3.0.0.tgz",
					"integrity": "sha512-h8lQ8tacZYnR3vNQTgibj+tODHI5/+l06Au2Pcriv/Gmet0eaj4TwWH41sO9wnHDiQsEj19q0drzdWdeAHtweg==",
					"requires": {
						"event-target-shim": "^5.0.0"
					}
				},
				"asynckit": {
					"version": "0.4.0",
					"resolved": "https://registry.npmjs.org/asynckit/-/asynckit-0.4.0.tgz",
					"integrity": "sha1-x57Zf380y48robyXkLzDZkdLS3k="
				},
				"combined-stream": {
					"version": "1.0.8",
					"resolved": "https://registry.npmjs.org/combined-stream/-/combined-stream-1.0.8.tgz",
					"integrity": "sha512-FQN4MRfuJeHf7cBbBMJFXhKSDq+2kAArBlmRBvcvFE5BB1HZKXtSFASDhdlz9zOYwxh8lDdnvmMOe/+5cdoEdg==",
					"requires": {
						"delayed-stream": "~1.0.0"
					}
				},
				"delayed-stream": {
					"version": "1.0.0",
					"resolved": "https://registry.npmjs.org/delayed-stream/-/delayed-stream-1.0.0.tgz",
					"integrity": "sha1-3zrhmayt+31ECqrgsp4icrJOxhk="
				},
				"event-target-shim": {
					"version": "5.0.1",
					"resolved": "https://registry.npmjs.org/event-target-shim/-/event-target-shim-5.0.1.tgz",
					"integrity": "sha512-i/2XbnSz/uxRCU6+NdVJgKWDTM427+MqYbkQzD321DuCQJUqOuJKIA0IM2+W2xtYHdKOmZ4dR6fExsd4SXL+WQ=="
				},
				"form-data": {
					"version": "2.5.1",
					"resolved": "https://registry.npmjs.org/form-data/-/form-data-2.5.1.tgz",
					"integrity": "sha512-m21N3WOmEEURgk6B9GLOE4RuWOFf28Lhh9qGYeNlGq4VDXUlJy2th2slBNU8Gp8EzloYZOibZJ7t5ecIrFSjVA==",
					"requires": {
						"asynckit": "^0.4.0",
						"combined-stream": "^1.0.6",
						"mime-types": "^2.1.12"
					}
				},
				"ip-regex": {
					"version": "2.1.0",
					"resolved": "https://registry.npmjs.org/ip-regex/-/ip-regex-2.1.0.tgz",
					"integrity": "sha1-+ni/XS5pE8kRzp+BnuUUa7bYROk="
				},
				"mime-db": {
					"version": "1.44.0",
					"resolved": "https://registry.npmjs.org/mime-db/-/mime-db-1.44.0.tgz",
					"integrity": "sha512-/NOTfLrsPBVeH7YtFPgsVWveuL+4SjjYxaQ1xtM1KMFj7HdxlBlxeyNLzhyJVx7r4rZGJAZ/6lkKCitSc/Nmpg=="
				},
				"mime-types": {
					"version": "2.1.27",
					"resolved": "https://registry.npmjs.org/mime-types/-/mime-types-2.1.27.tgz",
					"integrity": "sha512-JIhqnCasI9yD+SsmkquHBxTSEuZdQX5BuQnS2Vc7puQQQ+8yiP5AY5uWhpdv4YL4VM5c6iliiYWPgJ/nJQLp7w==",
					"requires": {
						"mime-db": "1.44.0"
					}
				},
				"node-fetch": {
					"version": "2.6.1",
					"resolved": "https://registry.npmjs.org/node-fetch/-/node-fetch-2.6.1.tgz",
					"integrity": "sha512-V4aYg89jEoVRxRb2fJdAg8FHvI7cEyYdVAh94HH0UIK8oJxUfkjlDQN9RbMx+bEjP7+ggMiFRprSti032Oipxw=="
				},
				"psl": {
					"version": "1.8.0",
					"resolved": "https://registry.npmjs.org/psl/-/psl-1.8.0.tgz",
					"integrity": "sha512-RIdOzyoavK+hA18OGGWDqUTsCLhtA7IcZ/6NCs4fFJaHBDab+pDDmDIByWFRQJq2Cd7r1OoQxBGKOaztq+hjIQ=="
				},
				"punycode": {
					"version": "2.1.1",
					"resolved": "https://registry.npmjs.org/punycode/-/punycode-2.1.1.tgz",
					"integrity": "sha512-XRsRjdf+j5ml+y/6GKHPZbrF/8p2Yga0JPtdqTIY2Xe5ohJPD9saDJJLPvp9+NSBprVvevdXZybnj2cv8OEd0A=="
				},
				"sax": {
					"version": "1.2.4",
					"resolved": "https://registry.npmjs.org/sax/-/sax-1.2.4.tgz",
					"integrity": "sha512-NqVDv9TpANUjFm0N8uM5GxL36UgKi9/atZw+x7YFnQ8ckwFGKrl4xX4yWtrey3UJm5nP1kUbnYgLopqWNSRhWw=="
				},
				"tough-cookie": {
					"version": "3.0.1",
					"resolved": "https://registry.npmjs.org/tough-cookie/-/tough-cookie-3.0.1.tgz",
					"integrity": "sha512-yQyJ0u4pZsv9D4clxO69OEjLWYw+jbgspjTue4lTQZLfV0c5l1VmK2y1JK8E9ahdpltPOaAThPcp5nKPUgSnsg==",
					"requires": {
						"ip-regex": "^2.1.0",
						"psl": "^1.1.28",
						"punycode": "^2.1.1"
					}
				},
				"tslib": {
					"version": "1.14.0",
					"resolved": "https://registry.npmjs.org/tslib/-/tslib-1.14.0.tgz",
					"integrity": "sha512-+Zw5lu0D9tvBMjGP8LpvMb0u2WW2QV3y+D8mO6J+cNzCYIN4sVy43Bf9vl92nqFahutN0I8zHa7cc4vihIshnw=="
				},
				"tunnel": {
					"version": "0.0.6",
					"resolved": "https://registry.npmjs.org/tunnel/-/tunnel-0.0.6.tgz",
					"integrity": "sha512-1h/Lnq9yajKY2PEbBadPXj3VxsDDu844OnaAo52UVmIzIvwwtBPIuNvkjuzBlTWpfJyUbG3ez0KSBibQkj4ojg=="
				},
				"uuid": {
					"version": "3.4.0",
					"resolved": "https://registry.npmjs.org/uuid/-/uuid-3.4.0.tgz",
					"integrity": "sha512-HjSDRw6gZE5JMggctHBcjVak08+KEVhSIiDzFnT9S9aegmp85S/bReBVTb4QTFaRNptJ9kuYaNhnbNEOkbKb/A=="
				},
				"xml2js": {
					"version": "0.4.23",
					"resolved": "https://registry.npmjs.org/xml2js/-/xml2js-0.4.23.tgz",
					"integrity": "sha512-ySPiMjM0+pLDftHgXY4By0uswI3SPKLDw/i3UXbnO8M/p28zqexCUoPmQFrYD+/1BzhGJSs2i1ERWKJAtiLrug==",
					"requires": {
						"sax": ">=0.6.0",
						"xmlbuilder": "~11.0.0"
					}
				},
				"xmlbuilder": {
					"version": "11.0.1",
					"resolved": "https://registry.npmjs.org/xmlbuilder/-/xmlbuilder-11.0.1.tgz",
					"integrity": "sha512-fDlsI/kFEx7gLvbecc0/ohLG50fugQp8ryHzMTuW9vSa1GJ0XYWKnhsUx7oie3G98+r56aTQIUB4kht42R3JvA=="
				}
			}
		}
	}
}
