{
  "name": "@azbake/ingredient-apim-api",
  "version": "0.2.28",
  "lockfileVersion": 1,
  "requires": true,
  "dependencies": {
    "@azure/arm-apimanagement": {
      "version": "5.1.1",
      "resolved": "https://hchb.pkgs.visualstudio.com/_packaging/internal/npm/registry/@azure/arm-apimanagement/-/arm-apimanagement-5.1.1.tgz",
      "integrity": "sha1-6DgpQwW8oX7BkuWtcRHPBNER4WY=",
      "requires": {
        "@azure/ms-rest-azure-js": "^1.3.2",
        "@azure/ms-rest-js": "^1.8.1",
        "tslib": "^1.9.3"
      },
      "dependencies": {
        "@azure/ms-rest-azure-js": {
          "version": "1.3.8",
          "resolved": "https://hchb.pkgs.visualstudio.com/_packaging/internal/npm/registry/@azure/ms-rest-azure-js/-/ms-rest-azure-js-1.3.8.tgz",
          "integrity": "sha1-lrUYIj07qiSWspgbwHKIs9iHSG4=",
          "requires": {
            "@azure/ms-rest-js": "^1.8.10",
            "tslib": "^1.9.3"
          }
        }
      }
    },
    "@azure/ms-rest-js": {
      "version": "1.8.13",
      "resolved": "https://registry.npmjs.org/@azure/ms-rest-js/-/ms-rest-js-1.8.13.tgz",
      "integrity": "sha512-jAa6Y2XrvwbEqkaEXDHK+ReNo0WnCPS+LgQ1dRAJUUNxK4CghF5u+SXsVtPENritilVE7FVteqsLOtlhTk+haA==",
      "requires": {
        "@types/tunnel": "0.0.0",
        "axios": "^0.19.0",
        "form-data": "^2.3.2",
        "tough-cookie": "^2.4.3",
        "tslib": "^1.9.2",
        "tunnel": "0.0.6",
        "uuid": "^3.2.1",
        "xml2js": "^0.4.19"
      }
    },
    "@types/tunnel": {
      "version": "0.0.0",
      "resolved": "https://registry.npmjs.org/@types/tunnel/-/tunnel-0.0.0.tgz",
      "integrity": "sha512-FGDp0iBRiBdPjOgjJmn1NH0KDLN+Z8fRmo+9J7XGBhubq1DPrGrbmG4UTlGzrpbCpesMqD0sWkzi27EYkOMHyg==",
      "requires": {
        "@types/node": "*"
      },
      "dependencies": {
        "@types/node": {
          "version": "12.0.12",
          "resolved": "https://registry.npmjs.org/@types/node/-/node-12.0.12.tgz",
          "integrity": "sha512-Uy0PN4R5vgBUXFoJrKryf5aTk3kJ8Rv3PdlHjl6UaX+Cqp1QE0yPQ68MPXGrZOfG7gZVNDIJZYyot0B9ubXUrQ=="
        }
      }
    },
    "asynckit": {
      "version": "0.4.0",
      "resolved": "https://registry.npmjs.org/asynckit/-/asynckit-0.4.0.tgz",
      "integrity": "sha1-x57Zf380y48robyXkLzDZkdLS3k="
    },
    "axios": {
      "version": "0.19.0",
      "resolved": "https://registry.npmjs.org/axios/-/axios-0.19.0.tgz",
      "integrity": "sha512-1uvKqKQta3KBxIz14F2v06AEHZ/dIoeKfbTRkK1E5oqjDnuEerLmYTgJB5AiQZHJcljpg1TuRzdjDR06qNk0DQ==",
      "requires": {
        "follow-redirects": "1.5.10",
        "is-buffer": "^2.0.2"
      }
    },
    "combined-stream": {
      "version": "1.0.8",
      "resolved": "https://registry.npmjs.org/combined-stream/-/combined-stream-1.0.8.tgz",
      "integrity": "sha512-FQN4MRfuJeHf7cBbBMJFXhKSDq+2kAArBlmRBvcvFE5BB1HZKXtSFASDhdlz9zOYwxh8lDdnvmMOe/+5cdoEdg==",
      "requires": {
        "delayed-stream": "~1.0.0"
      }
    },
    "debug": {
      "version": "3.1.0",
      "resolved": "https://registry.npmjs.org/debug/-/debug-3.1.0.tgz",
      "integrity": "sha512-OX8XqP7/1a9cqkxYw2yXss15f26NKWBpDXQd0/uK/KPqdQhxbPa994hnzjcE2VqQpDslf55723cKPUOGSmMY3g==",
      "requires": {
        "ms": "2.0.0"
      }
    },
    "delayed-stream": {
      "version": "1.0.0",
      "resolved": "https://registry.npmjs.org/delayed-stream/-/delayed-stream-1.0.0.tgz",
      "integrity": "sha1-3zrhmayt+31ECqrgsp4icrJOxhk="
    },
    "follow-redirects": {
      "version": "1.5.10",
      "resolved": "https://registry.npmjs.org/follow-redirects/-/follow-redirects-1.5.10.tgz",
      "integrity": "sha512-0V5l4Cizzvqt5D44aTXbFZz+FtyXV1vrDN6qrelxtfYQKW0KO0W2T/hkE8xvGa/540LkZlkaUjO4ailYTFtHVQ==",
      "requires": {
        "debug": "=3.1.0"
      }
    },
    "form-data": {
      "version": "2.4.0",
      "resolved": "https://registry.npmjs.org/form-data/-/form-data-2.4.0.tgz",
      "integrity": "sha512-4FinE8RfqYnNim20xDwZZE0V2kOs/AuElIjFUbPuegQSaoZM+vUT5FnwSl10KPugH4voTg1bEQlcbCG9ka75TA==",
      "requires": {
        "asynckit": "^0.4.0",
        "combined-stream": "^1.0.6",
        "mime-types": "^2.1.12"
      }
    },
    "got": {
      "version": "11.7.0",
      "resolved": "https://hchb.pkgs.visualstudio.com/_packaging/internal/npm/registry/got/-/got-11.7.0.tgz",
      "integrity": "sha1-o4Y2AwVXGnRUiHLmdJMrTvcNOyQ=",
      "requires": {
        "@sindresorhus/is": "^3.1.1",
        "@szmarczak/http-timer": "^4.0.5",
        "@types/cacheable-request": "^6.0.1",
        "@types/responselike": "^1.0.0",
        "cacheable-lookup": "^5.0.3",
        "cacheable-request": "^7.0.1",
        "decompress-response": "^6.0.0",
        "http2-wrapper": "^1.0.0-beta.5.2",
        "lowercase-keys": "^2.0.0",
        "p-cancelable": "^2.0.0",
        "responselike": "^2.0.0"
      },
      "dependencies": {
        "@sindresorhus/is": {
          "version": "3.1.2",
          "resolved": "https://hchb.pkgs.visualstudio.com/_packaging/internal/npm/registry/@sindresorhus/is/-/is-3.1.2.tgz",
          "integrity": "sha1-VIZQ3lIbNE43gfvbDs5Kpvcpr7g="
        },
        "@szmarczak/http-timer": {
          "version": "4.0.5",
          "resolved": "https://hchb.pkgs.visualstudio.com/_packaging/internal/npm/registry/@szmarczak/http-timer/-/http-timer-4.0.5.tgz",
          "integrity": "sha1-v71QIR6d+lG6B9pYoUzf0zMgUVI=",
          "requires": {
            "defer-to-connect": "^2.0.0"
          }
        },
        "@types/cacheable-request": {
          "version": "6.0.1",
          "resolved": "https://hchb.pkgs.visualstudio.com/_packaging/internal/npm/registry/@types/cacheable-request/-/cacheable-request-6.0.1.tgz",
          "integrity": "sha1-XSLz3e0f06hMC761A5p0GcLJGXY=",
          "requires": {
            "@types/http-cache-semantics": "*",
            "@types/keyv": "*",
            "@types/node": "*",
            "@types/responselike": "*"
          }
        },
        "@types/http-cache-semantics": {
          "version": "4.0.0",
          "resolved": "https://hchb.pkgs.visualstudio.com/_packaging/internal/npm/registry/@types/http-cache-semantics/-/http-cache-semantics-4.0.0.tgz",
          "integrity": "sha1-kUB3lzaqJlVjXudW4kZ9eHz+iio="
        },
        "@types/keyv": {
          "version": "3.1.1",
          "resolved": "https://hchb.pkgs.visualstudio.com/_packaging/internal/npm/registry/@types/keyv/-/keyv-3.1.1.tgz",
          "integrity": "sha1-5FpFMk/KnatxarEjDuJJyftSz6c=",
          "requires": {
            "@types/node": "*"
          }
        },
        "@types/node": {
          "version": "14.11.8",
          "resolved": "https://hchb.pkgs.visualstudio.com/_packaging/internal/npm/registry/@types/node/-/node-14.11.8.tgz",
          "integrity": "sha1-/iAS8jVeTOCLykSus6u7Ic+I0z8="
        },
        "@types/responselike": {
          "version": "1.0.0",
          "resolved": "https://hchb.pkgs.visualstudio.com/_packaging/internal/npm/registry/@types/responselike/-/responselike-1.0.0.tgz",
          "integrity": "sha1-JR9P59FU0rrRJavhtCmyOv0mLik=",
          "requires": {
            "@types/node": "*"
          }
        },
        "cacheable-lookup": {
          "version": "5.0.3",
          "resolved": "https://hchb.pkgs.visualstudio.com/_packaging/internal/npm/registry/cacheable-lookup/-/cacheable-lookup-5.0.3.tgz",
          "integrity": "sha1-BJ/cWd/91PwoXo9PgpNlkb1Z/sM="
        },
        "cacheable-request": {
          "version": "7.0.1",
          "resolved": "https://hchb.pkgs.visualstudio.com/_packaging/internal/npm/registry/cacheable-request/-/cacheable-request-7.0.1.tgz",
          "integrity": "sha1-BiAxwoViMngu1pSiV/o12pOUKlg=",
          "requires": {
            "clone-response": "^1.0.2",
            "get-stream": "^5.1.0",
            "http-cache-semantics": "^4.0.0",
            "keyv": "^4.0.0",
            "lowercase-keys": "^2.0.0",
            "normalize-url": "^4.1.0",
            "responselike": "^2.0.0"
          }
        },
        "clone-response": {
          "version": "1.0.2",
          "resolved": "https://hchb.pkgs.visualstudio.com/_packaging/internal/npm/registry/clone-response/-/clone-response-1.0.2.tgz",
          "integrity": "sha1-0dyXOSAxTfZ/vrlCI7TuNQI56Ws=",
          "requires": {
            "mimic-response": "^1.0.0"
          }
        },
        "decompress-response": {
          "version": "6.0.0",
          "resolved": "https://hchb.pkgs.visualstudio.com/_packaging/internal/npm/registry/decompress-response/-/decompress-response-6.0.0.tgz",
          "integrity": "sha1-yjh2Et234QS9FthaqwDV7PCcZvw=",
          "requires": {
            "mimic-response": "^3.1.0"
          },
          "dependencies": {
            "mimic-response": {
              "version": "3.1.0",
              "resolved": "https://hchb.pkgs.visualstudio.com/_packaging/internal/npm/registry/mimic-response/-/mimic-response-3.1.0.tgz",
              "integrity": "sha1-LR1Zr5wbEpgVrMwsRqAipc4fo8k="
            }
          }
        },
        "defer-to-connect": {
          "version": "2.0.0",
          "resolved": "https://hchb.pkgs.visualstudio.com/_packaging/internal/npm/registry/defer-to-connect/-/defer-to-connect-2.0.0.tgz",
          "integrity": "sha1-g9axmdsEFZOshNeBtSIjCMz0wsE="
        },
        "end-of-stream": {
          "version": "1.4.4",
          "resolved": "https://hchb.pkgs.visualstudio.com/_packaging/internal/npm/registry/end-of-stream/-/end-of-stream-1.4.4.tgz",
          "integrity": "sha1-WuZKX0UFe682JuwU2gyl5LJDHrA=",
          "requires": {
            "once": "^1.4.0"
          }
        },
        "get-stream": {
          "version": "5.2.0",
          "resolved": "https://hchb.pkgs.visualstudio.com/_packaging/internal/npm/registry/get-stream/-/get-stream-5.2.0.tgz",
          "integrity": "sha1-SWaheV7lrOZecGxLe+txJX1uItM=",
          "requires": {
            "pump": "^3.0.0"
          }
        },
        "http-cache-semantics": {
          "version": "4.1.0",
          "resolved": "https://hchb.pkgs.visualstudio.com/_packaging/internal/npm/registry/http-cache-semantics/-/http-cache-semantics-4.1.0.tgz",
          "integrity": "sha1-SekcXL82yblLz81xwj1SSex045A="
        },
        "http2-wrapper": {
          "version": "1.0.0-beta.5.2",
          "resolved": "https://hchb.pkgs.visualstudio.com/_packaging/internal/npm/registry/http2-wrapper/-/http2-wrapper-1.0.0-beta.5.2.tgz",
          "integrity": "sha1-i5I965AUSuplz4NLAWo0D8mFVvM=",
          "requires": {
            "quick-lru": "^5.1.1",
            "resolve-alpn": "^1.0.0"
          }
        },
        "json-buffer": {
          "version": "3.0.1",
          "resolved": "https://hchb.pkgs.visualstudio.com/_packaging/internal/npm/registry/json-buffer/-/json-buffer-3.0.1.tgz",
          "integrity": "sha1-kziAKjDTtmBfvgYT4JQAjKjAWhM="
        },
        "keyv": {
          "version": "4.0.3",
          "resolved": "https://hchb.pkgs.visualstudio.com/_packaging/internal/npm/registry/keyv/-/keyv-4.0.3.tgz",
          "integrity": "sha1-TzqpjeJUgDyvzSiWc0EI2qNeQlQ=",
          "requires": {
            "json-buffer": "3.0.1"
          }
        },
        "lowercase-keys": {
          "version": "2.0.0",
          "resolved": "https://hchb.pkgs.visualstudio.com/_packaging/internal/npm/registry/lowercase-keys/-/lowercase-keys-2.0.0.tgz",
          "integrity": "sha1-JgPni3tLAAbLyi+8yKMgJVislHk="
        },
        "mimic-response": {
          "version": "1.0.1",
          "resolved": "https://hchb.pkgs.visualstudio.com/_packaging/internal/npm/registry/mimic-response/-/mimic-response-1.0.1.tgz",
          "integrity": "sha1-SSNTiHju9CBjy4o+OweYeBSHqxs="
        },
        "normalize-url": {
          "version": "4.5.0",
          "resolved": "https://hchb.pkgs.visualstudio.com/_packaging/internal/npm/registry/normalize-url/-/normalize-url-4.5.0.tgz",
          "integrity": "sha1-RTNUCH5sqWlXvY9br3U/WYIUISk="
        },
        "once": {
          "version": "1.4.0",
          "resolved": "https://hchb.pkgs.visualstudio.com/_packaging/internal/npm/registry/once/-/once-1.4.0.tgz",
          "integrity": "sha1-WDsap3WWHUsROsF9nFC6753Xa9E=",
          "requires": {
            "wrappy": "1"
          }
        },
        "p-cancelable": {
          "version": "2.0.0",
          "resolved": "https://hchb.pkgs.visualstudio.com/_packaging/internal/npm/registry/p-cancelable/-/p-cancelable-2.0.0.tgz",
          "integrity": "sha1-SjdA9b2vXtXXw+NIgsb7XWsmam4="
        },
        "pump": {
          "version": "3.0.0",
          "resolved": "https://hchb.pkgs.visualstudio.com/_packaging/internal/npm/registry/pump/-/pump-3.0.0.tgz",
          "integrity": "sha1-tKIRaBW94vTh6mAjVOjHVWUQemQ=",
          "requires": {
            "end-of-stream": "^1.1.0",
            "once": "^1.3.1"
          }
        },
        "quick-lru": {
          "version": "5.1.1",
          "resolved": "https://hchb.pkgs.visualstudio.com/_packaging/internal/npm/registry/quick-lru/-/quick-lru-5.1.1.tgz",
          "integrity": "sha1-NmST5rPkKjpoheLpnRj4D7eoyTI="
        },
        "resolve-alpn": {
          "version": "1.0.0",
          "resolved": "https://hchb.pkgs.visualstudio.com/_packaging/internal/npm/registry/resolve-alpn/-/resolve-alpn-1.0.0.tgz",
          "integrity": "sha1-dFrWCz1q/0tKSOAbjAvccJWeDow="
        },
        "responselike": {
          "version": "2.0.0",
          "resolved": "https://hchb.pkgs.visualstudio.com/_packaging/internal/npm/registry/responselike/-/responselike-2.0.0.tgz",
          "integrity": "sha1-JjkbzDF091D5p56sxAoSpcQtdyM=",
          "requires": {
            "lowercase-keys": "^2.0.0"
          }
        },
        "wrappy": {
          "version": "1.0.2",
          "resolved": "https://hchb.pkgs.visualstudio.com/_packaging/internal/npm/registry/wrappy/-/wrappy-1.0.2.tgz",
          "integrity": "sha1-tSQ9jz7BqjXxNkYFvA0QNuMKtp8="
        }
      }
    },
    "is-buffer": {
      "version": "2.0.3",
      "resolved": "https://registry.npmjs.org/is-buffer/-/is-buffer-2.0.3.tgz",
      "integrity": "sha512-U15Q7MXTuZlrbymiz95PJpZxu8IlipAp4dtS3wOdgPXx3mqBnslrWU14kxfHB+Py/+2PVKSr37dMAgM2A4uArw=="
    },
    "mime-db": {
      "version": "1.40.0",
      "resolved": "https://registry.npmjs.org/mime-db/-/mime-db-1.40.0.tgz",
      "integrity": "sha512-jYdeOMPy9vnxEqFRRo6ZvTZ8d9oPb+k18PKoYNYUe2stVEBPPwsln/qWzdbmaIvnhZ9v2P+CuecK+fpUfsV2mA=="
    },
    "mime-types": {
      "version": "2.1.24",
      "resolved": "https://registry.npmjs.org/mime-types/-/mime-types-2.1.24.tgz",
      "integrity": "sha512-WaFHS3MCl5fapm3oLxU4eYDw77IQM2ACcxQ9RIxfaC3ooc6PFuBMGZZsYpvoXS5D5QTWPieo1jjLdAm3TBP3cQ==",
      "requires": {
        "mime-db": "1.40.0"
      }
    },
    "ms": {
      "version": "2.0.0",
      "resolved": "https://registry.npmjs.org/ms/-/ms-2.0.0.tgz",
      "integrity": "sha1-VgiurfwAvmwpAd9fmGF4jeDVl8g="
    },
    "psl": {
      "version": "1.2.0",
      "resolved": "https://registry.npmjs.org/psl/-/psl-1.2.0.tgz",
      "integrity": "sha512-GEn74ZffufCmkDDLNcl3uuyF/aSD6exEyh1v/ZSdAomB82t6G9hzJVRx0jBmLDW+VfZqks3aScmMw9DszwUalA=="
    },
    "punycode": {
      "version": "2.1.1",
      "resolved": "https://registry.npmjs.org/punycode/-/punycode-2.1.1.tgz",
      "integrity": "sha512-XRsRjdf+j5ml+y/6GKHPZbrF/8p2Yga0JPtdqTIY2Xe5ohJPD9saDJJLPvp9+NSBprVvevdXZybnj2cv8OEd0A=="
    },
    "sax": {
      "version": "1.2.4",
      "resolved": "https://registry.npmjs.org/sax/-/sax-1.2.4.tgz",
      "integrity": "sha512-NqVDv9TpANUjFm0N8uM5GxL36UgKi9/atZw+x7YFnQ8ckwFGKrl4xX4yWtrey3UJm5nP1kUbnYgLopqWNSRhWw=="
    },
    "tough-cookie": {
      "version": "2.5.0",
      "resolved": "https://registry.npmjs.org/tough-cookie/-/tough-cookie-2.5.0.tgz",
      "integrity": "sha512-nlLsUzgm1kfLXSXfRZMc1KLAugd4hqJHDTvc2hDIwS3mZAfMEuMbc03SujMF+GEcpaX/qboeycw6iO8JwVv2+g==",
      "requires": {
        "psl": "^1.1.28",
        "punycode": "^2.1.1"
      }
    },
    "tslib": {
      "version": "1.10.0",
      "resolved": "https://registry.npmjs.org/tslib/-/tslib-1.10.0.tgz",
      "integrity": "sha512-qOebF53frne81cf0S9B41ByenJ3/IuH8yJKngAX35CmiZySA0khhkovshKK+jGCaMnVomla7gVlIcc3EvKPbTQ=="
    },
    "tunnel": {
      "version": "0.0.6",
      "resolved": "https://registry.npmjs.org/tunnel/-/tunnel-0.0.6.tgz",
      "integrity": "sha512-1h/Lnq9yajKY2PEbBadPXj3VxsDDu844OnaAo52UVmIzIvwwtBPIuNvkjuzBlTWpfJyUbG3ez0KSBibQkj4ojg=="
    },
    "uuid": {
      "version": "3.3.2",
      "resolved": "https://registry.npmjs.org/uuid/-/uuid-3.3.2.tgz",
      "integrity": "sha512-yXJmeNaw3DnnKAOKJE51sL/ZaYfWJRl1pK9dr19YFCu0ObS231AB1/LbqTKRAQ5kw8A90rA6fr4riOUpTZvQZA=="
    },
    "xml2js": {
      "version": "0.4.19",
      "resolved": "https://registry.npmjs.org/xml2js/-/xml2js-0.4.19.tgz",
      "integrity": "sha512-esZnJZJOiJR9wWKMyuvSE1y6Dq5LCuJanqhxslH2bxM6duahNZ+HMpCLhBQGZkbX6xRf8x1Y2eJlgt2q3qo49Q==",
      "requires": {
        "sax": ">=0.6.0",
        "xmlbuilder": "~9.0.1"
      }
    },
    "xmlbuilder": {
      "version": "9.0.7",
      "resolved": "https://registry.npmjs.org/xmlbuilder/-/xmlbuilder-9.0.7.tgz",
      "integrity": "sha1-Ey7mPS7FVlxVfiD0wi35rKaGsQ0="
    }
  }
}
