{
  "name": "@azbake/ingredient-apim-api",
  "version": "0.2.28",
  "lockfileVersion": 1,
  "requires": true,
  "dependencies": {
    "got": {
      "version": "11.7.0",
      "resolved": "https://hchb.pkgs.visualstudio.com/_packaging/internal/npm/registry/got/-/got-11.7.0.tgz",
      "integrity": "sha1-o4Y2AwVXGnRUiHLmdJMrTvcNOyQ=",
      "requires": {
        "@sindresorhus/is": "^3.1.1",
        "@szmarczak/http-timer": "^4.0.5",
        "@types/cacheable-request": "^6.0.1",
        "@types/responselike": "^1.0.0",
        "cacheable-lookup": "^5.0.3",
        "cacheable-request": "^7.0.1",
        "decompress-response": "^6.0.0",
        "http2-wrapper": "^1.0.0-beta.5.2",
        "lowercase-keys": "^2.0.0",
        "p-cancelable": "^2.0.0",
        "responselike": "^2.0.0"
      },
      "dependencies": {
        "@sindresorhus/is": {
          "version": "3.1.2",
          "resolved": "https://hchb.pkgs.visualstudio.com/_packaging/internal/npm/registry/@sindresorhus/is/-/is-3.1.2.tgz",
          "integrity": "sha1-VIZQ3lIbNE43gfvbDs5Kpvcpr7g="
        },
        "@szmarczak/http-timer": {
          "version": "4.0.5",
          "resolved": "https://hchb.pkgs.visualstudio.com/_packaging/internal/npm/registry/@szmarczak/http-timer/-/http-timer-4.0.5.tgz",
          "integrity": "sha1-v71QIR6d+lG6B9pYoUzf0zMgUVI=",
          "requires": {
            "defer-to-connect": "^2.0.0"
          }
        },
        "@types/cacheable-request": {
          "version": "6.0.1",
          "resolved": "https://hchb.pkgs.visualstudio.com/_packaging/internal/npm/registry/@types/cacheable-request/-/cacheable-request-6.0.1.tgz",
          "integrity": "sha1-XSLz3e0f06hMC761A5p0GcLJGXY=",
          "requires": {
            "@types/http-cache-semantics": "*",
            "@types/keyv": "*",
            "@types/node": "*",
            "@types/responselike": "*"
          }
        },
        "@types/http-cache-semantics": {
          "version": "4.0.0",
          "resolved": "https://hchb.pkgs.visualstudio.com/_packaging/internal/npm/registry/@types/http-cache-semantics/-/http-cache-semantics-4.0.0.tgz",
          "integrity": "sha1-kUB3lzaqJlVjXudW4kZ9eHz+iio="
        },
        "@types/keyv": {
          "version": "3.1.1",
          "resolved": "https://hchb.pkgs.visualstudio.com/_packaging/internal/npm/registry/@types/keyv/-/keyv-3.1.1.tgz",
          "integrity": "sha1-5FpFMk/KnatxarEjDuJJyftSz6c=",
          "requires": {
            "@types/node": "*"
          }
        },
        "@types/node": {
          "version": "14.11.8",
          "resolved": "https://hchb.pkgs.visualstudio.com/_packaging/internal/npm/registry/@types/node/-/node-14.11.8.tgz",
          "integrity": "sha1-/iAS8jVeTOCLykSus6u7Ic+I0z8="
        },
        "@types/responselike": {
          "version": "1.0.0",
          "resolved": "https://hchb.pkgs.visualstudio.com/_packaging/internal/npm/registry/@types/responselike/-/responselike-1.0.0.tgz",
          "integrity": "sha1-JR9P59FU0rrRJavhtCmyOv0mLik=",
          "requires": {
            "@types/node": "*"
          }
        },
        "cacheable-lookup": {
          "version": "5.0.3",
          "resolved": "https://hchb.pkgs.visualstudio.com/_packaging/internal/npm/registry/cacheable-lookup/-/cacheable-lookup-5.0.3.tgz",
          "integrity": "sha1-BJ/cWd/91PwoXo9PgpNlkb1Z/sM="
        },
        "cacheable-request": {
          "version": "7.0.1",
          "resolved": "https://hchb.pkgs.visualstudio.com/_packaging/internal/npm/registry/cacheable-request/-/cacheable-request-7.0.1.tgz",
          "integrity": "sha1-BiAxwoViMngu1pSiV/o12pOUKlg=",
          "requires": {
            "clone-response": "^1.0.2",
            "get-stream": "^5.1.0",
            "http-cache-semantics": "^4.0.0",
            "keyv": "^4.0.0",
            "lowercase-keys": "^2.0.0",
            "normalize-url": "^4.1.0",
            "responselike": "^2.0.0"
          }
        },
        "clone-response": {
          "version": "1.0.2",
          "resolved": "https://hchb.pkgs.visualstudio.com/_packaging/internal/npm/registry/clone-response/-/clone-response-1.0.2.tgz",
          "integrity": "sha1-0dyXOSAxTfZ/vrlCI7TuNQI56Ws=",
          "requires": {
            "mimic-response": "^1.0.0"
          }
        },
        "decompress-response": {
          "version": "6.0.0",
          "resolved": "https://hchb.pkgs.visualstudio.com/_packaging/internal/npm/registry/decompress-response/-/decompress-response-6.0.0.tgz",
          "integrity": "sha1-yjh2Et234QS9FthaqwDV7PCcZvw=",
          "requires": {
            "mimic-response": "^3.1.0"
          },
          "dependencies": {
            "mimic-response": {
              "version": "3.1.0",
              "resolved": "https://hchb.pkgs.visualstudio.com/_packaging/internal/npm/registry/mimic-response/-/mimic-response-3.1.0.tgz",
              "integrity": "sha1-LR1Zr5wbEpgVrMwsRqAipc4fo8k="
            }
          }
        },
        "defer-to-connect": {
          "version": "2.0.0",
          "resolved": "https://hchb.pkgs.visualstudio.com/_packaging/internal/npm/registry/defer-to-connect/-/defer-to-connect-2.0.0.tgz",
          "integrity": "sha1-g9axmdsEFZOshNeBtSIjCMz0wsE="
        },
        "end-of-stream": {
          "version": "1.4.4",
          "resolved": "https://hchb.pkgs.visualstudio.com/_packaging/internal/npm/registry/end-of-stream/-/end-of-stream-1.4.4.tgz",
          "integrity": "sha1-WuZKX0UFe682JuwU2gyl5LJDHrA=",
          "requires": {
            "once": "^1.4.0"
          }
        },
        "get-stream": {
          "version": "5.2.0",
          "resolved": "https://hchb.pkgs.visualstudio.com/_packaging/internal/npm/registry/get-stream/-/get-stream-5.2.0.tgz",
          "integrity": "sha1-SWaheV7lrOZecGxLe+txJX1uItM=",
          "requires": {
            "pump": "^3.0.0"
          }
        },
        "http-cache-semantics": {
          "version": "4.1.0",
          "resolved": "https://hchb.pkgs.visualstudio.com/_packaging/internal/npm/registry/http-cache-semantics/-/http-cache-semantics-4.1.0.tgz",
          "integrity": "sha1-SekcXL82yblLz81xwj1SSex045A="
        },
        "http2-wrapper": {
          "version": "1.0.0-beta.5.2",
          "resolved": "https://hchb.pkgs.visualstudio.com/_packaging/internal/npm/registry/http2-wrapper/-/http2-wrapper-1.0.0-beta.5.2.tgz",
          "integrity": "sha1-i5I965AUSuplz4NLAWo0D8mFVvM=",
          "requires": {
            "quick-lru": "^5.1.1",
            "resolve-alpn": "^1.0.0"
          }
        },
        "json-buffer": {
          "version": "3.0.1",
          "resolved": "https://hchb.pkgs.visualstudio.com/_packaging/internal/npm/registry/json-buffer/-/json-buffer-3.0.1.tgz",
          "integrity": "sha1-kziAKjDTtmBfvgYT4JQAjKjAWhM="
        },
        "keyv": {
          "version": "4.0.3",
          "resolved": "https://hchb.pkgs.visualstudio.com/_packaging/internal/npm/registry/keyv/-/keyv-4.0.3.tgz",
          "integrity": "sha1-TzqpjeJUgDyvzSiWc0EI2qNeQlQ=",
          "requires": {
            "json-buffer": "3.0.1"
          }
        },
        "lowercase-keys": {
          "version": "2.0.0",
          "resolved": "https://hchb.pkgs.visualstudio.com/_packaging/internal/npm/registry/lowercase-keys/-/lowercase-keys-2.0.0.tgz",
          "integrity": "sha1-JgPni3tLAAbLyi+8yKMgJVislHk="
        },
        "mimic-response": {
          "version": "1.0.1",
          "resolved": "https://hchb.pkgs.visualstudio.com/_packaging/internal/npm/registry/mimic-response/-/mimic-response-1.0.1.tgz",
          "integrity": "sha1-SSNTiHju9CBjy4o+OweYeBSHqxs="
        },
        "normalize-url": {
          "version": "4.5.0",
          "resolved": "https://hchb.pkgs.visualstudio.com/_packaging/internal/npm/registry/normalize-url/-/normalize-url-4.5.0.tgz",
          "integrity": "sha1-RTNUCH5sqWlXvY9br3U/WYIUISk="
        },
        "once": {
          "version": "1.4.0",
          "resolved": "https://hchb.pkgs.visualstudio.com/_packaging/internal/npm/registry/once/-/once-1.4.0.tgz",
          "integrity": "sha1-WDsap3WWHUsROsF9nFC6753Xa9E=",
          "requires": {
            "wrappy": "1"
          }
        },
        "p-cancelable": {
          "version": "2.0.0",
          "resolved": "https://hchb.pkgs.visualstudio.com/_packaging/internal/npm/registry/p-cancelable/-/p-cancelable-2.0.0.tgz",
          "integrity": "sha1-SjdA9b2vXtXXw+NIgsb7XWsmam4="
        },
        "pump": {
          "version": "3.0.0",
          "resolved": "https://hchb.pkgs.visualstudio.com/_packaging/internal/npm/registry/pump/-/pump-3.0.0.tgz",
          "integrity": "sha1-tKIRaBW94vTh6mAjVOjHVWUQemQ=",
          "requires": {
            "end-of-stream": "^1.1.0",
            "once": "^1.3.1"
          }
        },
        "quick-lru": {
          "version": "5.1.1",
          "resolved": "https://hchb.pkgs.visualstudio.com/_packaging/internal/npm/registry/quick-lru/-/quick-lru-5.1.1.tgz",
          "integrity": "sha1-NmST5rPkKjpoheLpnRj4D7eoyTI="
        },
        "resolve-alpn": {
          "version": "1.0.0",
          "resolved": "https://hchb.pkgs.visualstudio.com/_packaging/internal/npm/registry/resolve-alpn/-/resolve-alpn-1.0.0.tgz",
          "integrity": "sha1-dFrWCz1q/0tKSOAbjAvccJWeDow="
        },
        "responselike": {
          "version": "2.0.0",
          "resolved": "https://hchb.pkgs.visualstudio.com/_packaging/internal/npm/registry/responselike/-/responselike-2.0.0.tgz",
          "integrity": "sha1-JjkbzDF091D5p56sxAoSpcQtdyM=",
          "requires": {
            "lowercase-keys": "^2.0.0"
          }
        },
        "wrappy": {
          "version": "1.0.2",
          "resolved": "https://hchb.pkgs.visualstudio.com/_packaging/internal/npm/registry/wrappy/-/wrappy-1.0.2.tgz",
          "integrity": "sha1-tSQ9jz7BqjXxNkYFvA0QNuMKtp8="
        }
      }
    }
  }
}
