{
  "name": "@azbake/ingredient-container-reg",
  "version": "0.0.0",
  "lockfileVersion": 1,
  "requires": true,
  "dependencies": {
    "@types/node": {
      "version": "10.12.26",
      "resolved": "https://registry.npmjs.org/@types/node/-/node-10.12.26.tgz",
      "integrity": "sha512-nMRqS+mL1TOnIJrL6LKJcNZPB8V3eTfRo9FQA2b5gDvrHurC8XbSA86KNe0dShlEL7ReWJv/OU9NL7Z0dnqWTg==",
      "dev": true
    }
  }
}
