{
  "requires": true,
  "lockfileVersion": 1,
  "dependencies": {
    "@azbake/arm-helper": {
      "version": "0.1.95",
      "resolved": "https://registry.npmjs.org/@azbake/arm-helper/-/arm-helper-0.1.95.tgz",
      "integrity": "sha512-c1Ogtjj5F9Ymahjig+Z+DDqjRU1hb+S4hKGRzhSfrk1LyHrwLalpGCh0Gx2ABKQmeaA00cK0FbUJE8Lzg/I4Sg=="
    },
    "@azbake/ingredient-arm": {
      "version": "0.1.95",
      "resolved": "https://registry.npmjs.org/@azbake/ingredient-arm/-/ingredient-arm-0.1.95.tgz",
      "integrity": "sha512-LgN/KfvpQnl7zOeNsYNCPOA3w/TU+LsemOWrSKyBSHUOltR81WNfNKe8rwU6LItwwBQeANVytL6ovkgoW+Z8zQ==",
      "requires": {
        "@azbake/arm-helper": "^0.1.95"
      }
    },
    "@azbake/ingredient-databricks": {
      "version": "0.1.96",
      "resolved": "https://registry.npmjs.org/@azbake/ingredient-databricks/-/ingredient-databricks-0.1.96.tgz",
      "integrity": "sha512-5V2Xbf7DL9jUcY2Wpmm1NSzKlTJe0UfvkndCanWExtBNvaOrq9/UygFsZuYGyC2GOkJ36vmlvt57VWtxuAvkzw==",
      "requires": {
        "@azbake/arm-helper": "^0.1.95",
        "@azure/arm-sql": "^5.7.0"
      }
    },
    "@azbake/ingredient-datafactoryv2": {
      "version": "0.1.96",
      "resolved": "https://registry.npmjs.org/@azbake/ingredient-datafactoryv2/-/ingredient-datafactoryv2-0.1.96.tgz",
      "integrity": "sha512-ZN6q/4g3M3i8wNcJcVdJ0p6nz9Naa7P/g3sUc2U1uAGAliIHWmAgFugh/a4kYipj+7HNA/dhkREeh4ZIhS+WTg==",
      "requires": {
        "@azbake/arm-helper": "^0.1.95",
        "@azure/arm-sql": "^5.7.0"
      }
    },
    "@azbake/ingredient-sql-dwh": {
      "version": "0.1.96",
      "resolved": "https://registry.npmjs.org/@azbake/ingredient-sql-dwh/-/ingredient-sql-dwh-0.1.96.tgz",
      "integrity": "sha512-Grbb3Fbq/dDOos016veHYiFEUGXo7AriXpuAk3X3zNyVVfLsS0hqFA6uOReWyM/FUQyIWv4q1B4ReI4+TrvKag==",
      "requires": {
        "@azbake/arm-helper": "^0.1.95",
        "@azure/arm-sql": "^5.7.0"
      }
    },
    "@azbake/ingredient-sqldb": {
      "version": "0.1.96",
      "resolved": "https://registry.npmjs.org/@azbake/ingredient-sqldb/-/ingredient-sqldb-0.1.96.tgz",
      "integrity": "sha512-8P+RbHi9xr8K0TbAo4AuNiak2apb7LcCaTc1L2bcilrs13cC2fYfYtvOhoBRjEbW+DyBeBJdm6njWDEtjXTm7w==",
      "requires": {
        "@azbake/arm-helper": "^0.1.95",
        "@azure/arm-sql": "^5.7.0"
      }
    },
    "@azbake/ingredient-sqlserver-logical": {
      "version": "0.1.96",
      "resolved": "https://registry.npmjs.org/@azbake/ingredient-sqlserver-logical/-/ingredient-sqlserver-logical-0.1.96.tgz",
      "integrity": "sha512-3AoyMmvTd2uxz9TCF4xMekTOo8q4pFTTRiT7X8NoZZy5sH5iGdsRAsZ4YPhwBMbSWfwNRo1y/Rwr40kjiq45qg==",
      "requires": {
        "@azbake/arm-helper": "^0.1.95",
        "@azure/arm-sql": "^5.7.0"
      }
    },
    "@azbake/ingredient-storage": {
      "version": "0.1.95",
      "resolved": "https://registry.npmjs.org/@azbake/ingredient-storage/-/ingredient-storage-0.1.95.tgz",
      "integrity": "sha512-+Eu8sGokdFGCqNlH0nphC14v5lAQrIuYPsCRvAbhYy5ANgEpLOHca/so+4HmgtxXnaI6uAbLiFu2Cop1VO68eQ==",
      "requires": {
        "@azbake/arm-helper": "^0.1.95",
        "@azure/arm-storage": "^8.0.0",
        "@azure/storage-blob": "^10.3.0"
      }
    },
    "@azure/arm-sql": {
      "version": "5.7.0",
      "resolved": "https://registry.npmjs.org/@azure/arm-sql/-/arm-sql-5.7.0.tgz",
      "integrity": "sha512-ZHcfJhm4tBF6XOgIutezK/rEfZDgMAxF7XGzFs8Pnybdqs08vsvka91TFJPfqISQsy4CpMTtLvueueqEur/CNg==",
      "requires": {
        "@azure/ms-rest-azure-js": "^1.3.2",
        "@azure/ms-rest-js": "^1.8.1",
        "tslib": "^1.9.3"
      }
    },
    "@azure/arm-storage": {
      "version": "8.1.0",
      "resolved": "https://registry.npmjs.org/@azure/arm-storage/-/arm-storage-8.1.0.tgz",
      "integrity": "sha512-Rsy8X92aUfmsz5Yv3VrxVMEdpcEWcHan7vnJxKKQo+qMugA1+h4xtj1M4mxoSfaTH13hPyUSoFHEWhemqtNqMw==",
      "requires": {
        "@azure/ms-rest-azure-js": "^1.3.2",
        "@azure/ms-rest-js": "^1.8.1",
        "tslib": "^1.9.3"
      }
    },
    "@azure/ms-rest-azure-js": {
      "version": "1.3.8",
      "resolved": "https://registry.npmjs.org/@azure/ms-rest-azure-js/-/ms-rest-azure-js-1.3.8.tgz",
      "integrity": "sha512-AHLfDTCyIH6wBK6+CpImI6sc9mLZ17ZgUrTx3Rhwv+3Mb3Z73BxormkarfR6Stb6scrBYitxJ27FXyndXlGAYg==",
      "requires": {
        "@azure/ms-rest-js": "^1.8.10",
        "tslib": "^1.9.3"
      }
    },
    "@azure/ms-rest-js": {
      "version": "1.8.14",
      "resolved": "https://registry.npmjs.org/@azure/ms-rest-js/-/ms-rest-js-1.8.14.tgz",
      "integrity": "sha512-IrCPN22c8RbKWA06ZXuFwwEb15cSnr0zZ6J8Fspp9ns1SSNTERf7hv+gWvTIis1FlwHy42Mfk8hVu0/r3a0AWA==",
      "requires": {
        "@types/tunnel": "0.0.0",
        "axios": "^0.19.0",
        "form-data": "^2.3.2",
        "tough-cookie": "^2.4.3",
        "tslib": "^1.9.2",
        "tunnel": "0.0.6",
        "uuid": "^3.2.1",
        "xml2js": "^0.4.19"
      }
    },
    "@azure/storage-blob": {
      "version": "10.5.0",
      "resolved": "https://registry.npmjs.org/@azure/storage-blob/-/storage-blob-10.5.0.tgz",
      "integrity": "sha512-67+0EP7STy9BQgzvN1RgmSvXhxRd044eDgepX7zBp7XslBxz8YGo2cSLm9w5o5Qf1FLCRlwuziRMikaPCLMpVw==",
      "requires": {
        "@azure/ms-rest-js": "^2.0.0",
        "events": "^3.0.0",
        "tslib": "^1.9.3"
      },
      "dependencies": {
        "@azure/ms-rest-js": {
          "version": "2.0.5",
          "resolved": "https://registry.npmjs.org/@azure/ms-rest-js/-/ms-rest-js-2.0.5.tgz",
          "integrity": "sha512-zj9/JOSsbaJleZz9k9RXKJMBPA2NBUgsus5iZxGlhK+pDeb8M2ps+lkKhJSwLnlTUj5CvrcN3PZDF2b2nSYCQQ==",
          "requires": {
            "@types/node-fetch": "^2.3.7",
            "@types/tunnel": "0.0.1",
            "abort-controller": "^3.0.0",
            "form-data": "^2.5.0",
            "node-fetch": "^2.6.0",
            "tough-cookie": "^3.0.1",
            "tslib": "^1.10.0",
            "tunnel": "0.0.6",
            "uuid": "^3.3.2",
            "xml2js": "^0.4.19"
          }
        },
        "@types/tunnel": {
          "version": "0.0.1",
          "resolved": "https://registry.npmjs.org/@types/tunnel/-/tunnel-0.0.1.tgz",
          "integrity": "sha512-AOqu6bQu5MSWwYvehMXLukFHnupHrpZ8nvgae5Ggie9UwzDR1CCwoXgSSWNZJuyOlCdfdsWMA5F2LlmvyoTv8A==",
          "requires": {
            "@types/node": "*"
          }
        },
        "tough-cookie": {
          "version": "3.0.1",
          "resolved": "https://registry.npmjs.org/tough-cookie/-/tough-cookie-3.0.1.tgz",
          "integrity": "sha512-yQyJ0u4pZsv9D4clxO69OEjLWYw+jbgspjTue4lTQZLfV0c5l1VmK2y1JK8E9ahdpltPOaAThPcp5nKPUgSnsg==",
          "requires": {
            "ip-regex": "^2.1.0",
            "psl": "^1.1.28",
            "punycode": "^2.1.1"
          }
        }
      }
    },
    "@types/node": {
      "version": "13.1.8",
      "resolved": "https://registry.npmjs.org/@types/node/-/node-13.1.8.tgz",
      "integrity": "sha512-6XzyyNM9EKQW4HKuzbo/CkOIjn/evtCmsU+MUM1xDfJ+3/rNjBttM1NgN7AOQvN6tP1Sl1D1PIKMreTArnxM9A=="
    },
    "@types/node-fetch": {
      "version": "2.5.4",
      "resolved": "https://registry.npmjs.org/@types/node-fetch/-/node-fetch-2.5.4.tgz",
      "integrity": "sha512-Oz6id++2qAOFuOlE1j0ouk1dzl3mmI1+qINPNBhi9nt/gVOz0G+13Ao6qjhdF0Ys+eOkhu6JnFmt38bR3H0POQ==",
      "requires": {
        "@types/node": "*"
      }
    },
    "@types/tunnel": {
      "version": "0.0.0",
      "resolved": "https://registry.npmjs.org/@types/tunnel/-/tunnel-0.0.0.tgz",
      "integrity": "sha512-FGDp0iBRiBdPjOgjJmn1NH0KDLN+Z8fRmo+9J7XGBhubq1DPrGrbmG4UTlGzrpbCpesMqD0sWkzi27EYkOMHyg==",
      "requires": {
        "@types/node": "*"
      }
    },
    "abort-controller": {
      "version": "3.0.0",
      "resolved": "https://registry.npmjs.org/abort-controller/-/abort-controller-3.0.0.tgz",
      "integrity": "sha512-h8lQ8tacZYnR3vNQTgibj+tODHI5/+l06Au2Pcriv/Gmet0eaj4TwWH41sO9wnHDiQsEj19q0drzdWdeAHtweg==",
      "requires": {
        "event-target-shim": "^5.0.0"
      }
    },
    "asynckit": {
      "version": "0.4.0",
      "resolved": "https://registry.npmjs.org/asynckit/-/asynckit-0.4.0.tgz",
      "integrity": "sha1-x57Zf380y48robyXkLzDZkdLS3k="
    },
    "axios": {
      "version": "0.19.2",
      "resolved": "https://registry.npmjs.org/axios/-/axios-0.19.2.tgz",
      "integrity": "sha512-fjgm5MvRHLhx+osE2xoekY70AhARk3a6hkN+3Io1jc00jtquGvxYlKlsFUhmUET0V5te6CcZI7lcv2Ym61mjHA==",
      "requires": {
        "follow-redirects": "1.5.10"
      }
    },
    "combined-stream": {
      "version": "1.0.8",
      "resolved": "https://registry.npmjs.org/combined-stream/-/combined-stream-1.0.8.tgz",
      "integrity": "sha512-FQN4MRfuJeHf7cBbBMJFXhKSDq+2kAArBlmRBvcvFE5BB1HZKXtSFASDhdlz9zOYwxh8lDdnvmMOe/+5cdoEdg==",
      "requires": {
        "delayed-stream": "~1.0.0"
      }
    },
    "debug": {
      "version": "3.1.0",
      "resolved": "https://registry.npmjs.org/debug/-/debug-3.1.0.tgz",
      "integrity": "sha512-OX8XqP7/1a9cqkxYw2yXss15f26NKWBpDXQd0/uK/KPqdQhxbPa994hnzjcE2VqQpDslf55723cKPUOGSmMY3g==",
      "requires": {
        "ms": "2.0.0"
      }
    },
    "delayed-stream": {
      "version": "1.0.0",
      "resolved": "https://registry.npmjs.org/delayed-stream/-/delayed-stream-1.0.0.tgz",
      "integrity": "sha1-3zrhmayt+31ECqrgsp4icrJOxhk="
    },
    "event-target-shim": {
      "version": "5.0.1",
      "resolved": "https://registry.npmjs.org/event-target-shim/-/event-target-shim-5.0.1.tgz",
      "integrity": "sha512-i/2XbnSz/uxRCU6+NdVJgKWDTM427+MqYbkQzD321DuCQJUqOuJKIA0IM2+W2xtYHdKOmZ4dR6fExsd4SXL+WQ=="
    },
    "events": {
      "version": "3.1.0",
      "resolved": "https://registry.npmjs.org/events/-/events-3.1.0.tgz",
      "integrity": "sha512-Rv+u8MLHNOdMjTAFeT3nCjHn2aGlx435FP/sDHNaRhDEMwyI/aB22Kj2qIN8R0cw3z28psEQLYwxVKLsKrMgWg=="
    },
    "follow-redirects": {
      "version": "1.5.10",
      "resolved": "https://registry.npmjs.org/follow-redirects/-/follow-redirects-1.5.10.tgz",
      "integrity": "sha512-0V5l4Cizzvqt5D44aTXbFZz+FtyXV1vrDN6qrelxtfYQKW0KO0W2T/hkE8xvGa/540LkZlkaUjO4ailYTFtHVQ==",
      "requires": {
        "debug": "=3.1.0"
      }
    },
    "form-data": {
      "version": "2.5.1",
      "resolved": "https://registry.npmjs.org/form-data/-/form-data-2.5.1.tgz",
      "integrity": "sha512-m21N3WOmEEURgk6B9GLOE4RuWOFf28Lhh9qGYeNlGq4VDXUlJy2th2slBNU8Gp8EzloYZOibZJ7t5ecIrFSjVA==",
      "requires": {
        "asynckit": "^0.4.0",
        "combined-stream": "^1.0.6",
        "mime-types": "^2.1.12"
      }
    },
    "ip-regex": {
      "version": "2.1.0",
      "resolved": "https://registry.npmjs.org/ip-regex/-/ip-regex-2.1.0.tgz",
      "integrity": "sha1-+ni/XS5pE8kRzp+BnuUUa7bYROk="
    },
    "mime-db": {
      "version": "1.43.0",
      "resolved": "https://registry.npmjs.org/mime-db/-/mime-db-1.43.0.tgz",
      "integrity": "sha512-+5dsGEEovYbT8UY9yD7eE4XTc4UwJ1jBYlgaQQF38ENsKR3wj/8q8RFZrF9WIZpB2V1ArTVFUva8sAul1NzRzQ=="
    },
    "mime-types": {
      "version": "2.1.26",
      "resolved": "https://registry.npmjs.org/mime-types/-/mime-types-2.1.26.tgz",
      "integrity": "sha512-01paPWYgLrkqAyrlDorC1uDwl2p3qZT7yl806vW7DvDoxwXi46jsjFbg+WdwotBIk6/MbEhO/dh5aZ5sNj/dWQ==",
      "requires": {
        "mime-db": "1.43.0"
      }
    },
    "ms": {
      "version": "2.0.0",
      "resolved": "https://registry.npmjs.org/ms/-/ms-2.0.0.tgz",
      "integrity": "sha1-VgiurfwAvmwpAd9fmGF4jeDVl8g="
    },
    "node-fetch": {
      "version": "2.6.0",
      "resolved": "https://registry.npmjs.org/node-fetch/-/node-fetch-2.6.0.tgz",
      "integrity": "sha512-8dG4H5ujfvFiqDmVu9fQ5bOHUC15JMjMY/Zumv26oOvvVJjM67KF8koCWIabKQ1GJIa9r2mMZscBq/TbdOcmNA=="
    },
    "psl": {
      "version": "1.7.0",
      "resolved": "https://registry.npmjs.org/psl/-/psl-1.7.0.tgz",
      "integrity": "sha512-5NsSEDv8zY70ScRnOTn7bK7eanl2MvFrOrS/R6x+dBt5g1ghnj9Zv90kO8GwT8gxcu2ANyFprnFYB85IogIJOQ=="
    },
    "punycode": {
      "version": "2.1.1",
      "resolved": "https://registry.npmjs.org/punycode/-/punycode-2.1.1.tgz",
      "integrity": "sha512-XRsRjdf+j5ml+y/6GKHPZbrF/8p2Yga0JPtdqTIY2Xe5ohJPD9saDJJLPvp9+NSBprVvevdXZybnj2cv8OEd0A=="
    },
    "sax": {
      "version": "1.2.4",
      "resolved": "https://registry.npmjs.org/sax/-/sax-1.2.4.tgz",
      "integrity": "sha512-NqVDv9TpANUjFm0N8uM5GxL36UgKi9/atZw+x7YFnQ8ckwFGKrl4xX4yWtrey3UJm5nP1kUbnYgLopqWNSRhWw=="
    },
    "tough-cookie": {
      "version": "2.5.0",
      "resolved": "https://registry.npmjs.org/tough-cookie/-/tough-cookie-2.5.0.tgz",
      "integrity": "sha512-nlLsUzgm1kfLXSXfRZMc1KLAugd4hqJHDTvc2hDIwS3mZAfMEuMbc03SujMF+GEcpaX/qboeycw6iO8JwVv2+g==",
      "requires": {
        "psl": "^1.1.28",
        "punycode": "^2.1.1"
      }
    },
    "tslib": {
      "version": "1.10.0",
      "resolved": "https://registry.npmjs.org/tslib/-/tslib-1.10.0.tgz",
      "integrity": "sha512-qOebF53frne81cf0S9B41ByenJ3/IuH8yJKngAX35CmiZySA0khhkovshKK+jGCaMnVomla7gVlIcc3EvKPbTQ=="
    },
    "tunnel": {
      "version": "0.0.6",
      "resolved": "https://registry.npmjs.org/tunnel/-/tunnel-0.0.6.tgz",
      "integrity": "sha512-1h/Lnq9yajKY2PEbBadPXj3VxsDDu844OnaAo52UVmIzIvwwtBPIuNvkjuzBlTWpfJyUbG3ez0KSBibQkj4ojg=="
    },
    "uuid": {
      "version": "3.4.0",
      "resolved": "https://registry.npmjs.org/uuid/-/uuid-3.4.0.tgz",
      "integrity": "sha512-HjSDRw6gZE5JMggctHBcjVak08+KEVhSIiDzFnT9S9aegmp85S/bReBVTb4QTFaRNptJ9kuYaNhnbNEOkbKb/A=="
    },
    "xml2js": {
      "version": "0.4.23",
      "resolved": "https://registry.npmjs.org/xml2js/-/xml2js-0.4.23.tgz",
      "integrity": "sha512-ySPiMjM0+pLDftHgXY4By0uswI3SPKLDw/i3UXbnO8M/p28zqexCUoPmQFrYD+/1BzhGJSs2i1ERWKJAtiLrug==",
      "requires": {
        "sax": ">=0.6.0",
        "xmlbuilder": "~11.0.0"
      }
    },
    "xmlbuilder": {
      "version": "11.0.1",
      "resolved": "https://registry.npmjs.org/xmlbuilder/-/xmlbuilder-11.0.1.tgz",
      "integrity": "sha512-fDlsI/kFEx7gLvbecc0/ohLG50fugQp8ryHzMTuW9vSa1GJ0XYWKnhsUx7oie3G98+r56aTQIUB4kht42R3JvA=="
    }
  }
}
