{
	"name": "@azbake/ingredient-property-service",
	"version": "0.1.37",
	"lockfileVersion": 1,
	"requires": true,
	"dependencies": {
		"typescript": {
			"version": "3.9.7",
			"resolved": "https://hchb.pkgs.visualstudio.com/_packaging/internal/npm/registry/typescript/-/typescript-3.9.7.tgz",
			"integrity": "sha1-mNYApevcOPQMsndSLxLcgA6eJfo="
		}
	}
}
