{
  "name": "@azbake/ingredient-property-service",
  "version": "0.1.14",
  "lockfileVersion": 1,
  "requires": true,
  "dependencies": {
    "typescript": {
      "version": "3.8.3",
      "resolved": "https://pkgs.dev.azure.com/hchb/_packaging/internal/npm/registry/typescript/-/typescript-3.8.3.tgz",
      "integrity": "sha1-QJ64VE6gM1cRIFhp7EWKsQnuEGE="
    }
  }
}
