{
  "name": "@azbake/ingredient-metric-alert",
  "version": "0.0.1",
  "lockfileVersion": 1,
  "requires": true,
  "dependencies": {
    "@azbake/arm-helper": {
      "version": "0.1.44",
      "resolved": "https://pkgs.dev.azure.com/hchb/_packaging/internal/npm/registry/@azbake/arm-helper/-/arm-helper-0.1.44.tgz",
      "integrity": "sha512-u+G4IOJSwGB/WB9LL/hSlKhVvk6XZ75O+uZWuvX/L9gpo9qwfPDLZSHZKfVqFdmE678or/xYt9XuLBk+XCLlHw=="
    },
    "@azbake/core": {
      "version": "0.1.44",
      "resolved": "https://pkgs.dev.azure.com/hchb/_packaging/internal/npm/registry/@azbake/core/-/core-0.1.44.tgz",
      "integrity": "sha512-9dy/UPymNzaKxEzJ/F1AJw40kLeVsX0KEJpjxzpTMBc3gHGuCWc67SPGhHpGZXD6djXfP+wQZGCIJAqWDGadHg==",
      "dev": true
    }
  }
}
