{
  "name": "@azbake/ingredient-cosmosdb",
  "version": "0.0.1",
  "lockfileVersion": 1,
  "requires": true,
  "dependencies": {
    "@azbake/arm-helper": {
      "version": "0.1.102",
      "resolved": "https://hchb.pkgs.visualstudio.com/_packaging/internal/npm/registry/@azbake/arm-helper/-/arm-helper-0.1.102.tgz",
      "integrity": "sha1-/63LubEiYxLjWEodS6osGT5ExdY="
    }
  }
}
